
Microsoft Visual Studio Solution File, Format Version 12.00
# Visual Studio Version 16
VisualStudioVersion = 16.0.30907.101
MinimumVisualStudioVersion = 10.0.40219.1
Project("{FAE04EC0-301F-11D3-BF4B-00C04F79EFBC}") = "UVSThreads", "UVSThreads\UVSThreads.csproj", "{F051913F-22E7-4A4F-A5C8-9C584F771C73}"
EndProject
Global
	GlobalSection(SolutionConfigurationPlatforms) = preSolution
		Debug|Any CPU = Debug|Any CPU
		Release|Any CPU = Release|Any CPU
	EndGlobalSection
	GlobalSection(ProjectConfigurationPlatforms) = postSolution
		{F051913F-22E7-4A4F-A5C8-9C584F771C73}.Debug|Any CPU.ActiveCfg = Debug|Any CPU
		{F051913F-22E7-4A4F-A5C8-9C584F771C73}.Debug|Any CPU.Build.0 = Debug|Any CPU
		{F051913F-22E7-4A4F-A5C8-9C584F771C73}.Release|Any CPU.ActiveCfg = Release|Any CPU
		{F051913F-22E7-4A4F-A5C8-9C584F771C73}.Release|Any CPU.Build.0 = Release|Any CPU
	EndGlobalSection
	GlobalSection(SolutionProperties) = preSolution
		HideSolutionNode = FALSE
	EndGlobalSection
	GlobalSection(ExtensibilityGlobals) = postSolution
		SolutionGuid = {3CC775F3-B459-4FAB-9862-DBBD190ECAFD}
	EndGlobalSection
EndGlobal
